
Microsoft Visual Studio Solution File, Format Version 12.00
# Visual Studio Version 17
VisualStudioVersion = 17.3.32825.248
MinimumVisualStudioVersion = 10.0.40219.1
Project("{FAE04EC0-301F-11D3-BF4B-00C04F79EFBC}") = "TimeKeeping1", "TimeKeeping1\TimeKeeping1.csproj", "{39825350-3EFC-49E2-B2D5-F4EE60ECA85B}"
EndProject
Global
	GlobalSection(SolutionConfigurationPlatforms) = preSolution
		Debug|Any CPU = Debug|Any CPU
		Release|Any CPU = Release|Any CPU
	EndGlobalSection
	GlobalSection(ProjectConfigurationPlatforms) = postSolution
		{39825350-3EFC-49E2-B2D5-F4EE60ECA85B}.Debug|Any CPU.ActiveCfg = Debug|Any CPU
		{39825350-3EFC-49E2-B2D5-F4EE60ECA85B}.Debug|Any CPU.Build.0 = Debug|Any CPU
		{39825350-3EFC-49E2-B2D5-F4EE60ECA85B}.Release|Any CPU.ActiveCfg = Release|Any CPU
		{39825350-3EFC-49E2-B2D5-F4EE60ECA85B}.Release|Any CPU.Build.0 = Release|Any CPU
	EndGlobalSection
	GlobalSection(SolutionProperties) = preSolution
		HideSolutionNode = FALSE
	EndGlobalSection
	GlobalSection(ExtensibilityGlobals) = postSolution
		SolutionGuid = {AA1B7687-27D6-4E0D-BD84-9C5F2389BB17}
	EndGlobalSection
EndGlobal
